// !$*UTF8*$!
{
	archiveVersion = 1;
	classes = {
	};
	objectVersion = 48;
	objects = {

/* Begin PBXBuildFile section */
		2343374B2011CA4A008A539C /* HomeViewController.swift in Sources */ = {isa = PBXBuildFile; fileRef = 2343374A2011CA4A008A539C /* HomeViewController.swift */; };
		2343374D201380E3008A539C /* TransactionsWidgetTableViewCell.swift in Sources */ = {isa = PBXBuildFile; fileRef = 2343374C201380E3008A539C /* TransactionsWidgetTableViewCell.swift */; };
		234337502013B691008A539C /* ActivationViewController.swift in Sources */ = {isa = PBXBuildFile; fileRef = 2343374F2013B691008A539C /* ActivationViewController.swift */; };
		234337522013E758008A539C /* TransactionsViewController.swift in Sources */ = {isa = PBXBuildFile; fileRef = 234337512013E758008A539C /* TransactionsViewController.swift */; };
		234337542013E762008A539C /* CardsViewController.swift in Sources */ = {isa = PBXBuildFile; fileRef = 234337532013E762008A539C /* CardsViewController.swift */; };
		234337562013E773008A539C /* UserDetailsViewController.swift in Sources */ = {isa = PBXBuildFile; fileRef = 234337552013E773008A539C /* UserDetailsViewController.swift */; };
		234337582013E783008A539C /* AccountsViewController.swift in Sources */ = {isa = PBXBuildFile; fileRef = 234337572013E783008A539C /* AccountsViewController.swift */; };
		2343375A2013E78D008A539C /* PaymentsViewController.swift in Sources */ = {isa = PBXBuildFile; fileRef = 234337592013E78D008A539C /* PaymentsViewController.swift */; };
		2343375C2013E85D008A539C /* ContactViewController.swift in Sources */ = {isa = PBXBuildFile; fileRef = 2343375B2013E85D008A539C /* ContactViewController.swift */; };
		2343376020140F81008A539C /* CurrencyDownloadService.swift in Sources */ = {isa = PBXBuildFile; fileRef = 2343375F20140F81008A539C /* CurrencyDownloadService.swift */; };
		23433763201413E7008A539C /* Currency.swift in Sources */ = {isa = PBXBuildFile; fileRef = 23433762201413E7008A539C /* Currency.swift */; };
		234337652014BDD3008A539C /* CurrencyListTableViewCell.swift in Sources */ = {isa = PBXBuildFile; fileRef = 234337642014BDD3008A539C /* CurrencyListTableViewCell.swift */; };
		234337672014D09B008A539C /* GoogleService-Info.plist in Resources */ = {isa = PBXBuildFile; fileRef = 234337662014D09B008A539C /* GoogleService-Info.plist */; };
		234337692014D408008A539C /* EnterPinViewController.swift in Sources */ = {isa = PBXBuildFile; fileRef = 234337682014D408008A539C /* EnterPinViewController.swift */; };
		2343376B2014E088008A539C /* KeychainPasswordItem.swift in Sources */ = {isa = PBXBuildFile; fileRef = 2343376A2014E087008A539C /* KeychainPasswordItem.swift */; };
		2343376D2014ECFD008A539C /* TouchIDAuthentication.swift in Sources */ = {isa = PBXBuildFile; fileRef = 2343376C2014ECFD008A539C /* TouchIDAuthentication.swift */; };
		234337702014F172008A539C /* Transaction.swift in Sources */ = {isa = PBXBuildFile; fileRef = 2343376F2014F172008A539C /* Transaction.swift */; };
		235A13B520101834009AC6CF /* AppDelegate.swift in Sources */ = {isa = PBXBuildFile; fileRef = 235A13B420101834009AC6CF /* AppDelegate.swift */; };
		235A13B720101834009AC6CF /* LoginViewController.swift in Sources */ = {isa = PBXBuildFile; fileRef = 235A13B620101834009AC6CF /* LoginViewController.swift */; };
		235A13BA20101834009AC6CF /* Main.storyboard in Resources */ = {isa = PBXBuildFile; fileRef = 235A13B820101834009AC6CF /* Main.storyboard */; };
		235A13BD20101834009AC6CF /* MobileBank.xcdatamodeld in Sources */ = {isa = PBXBuildFile; fileRef = 235A13BB20101834009AC6CF /* MobileBank.xcdatamodeld */; };
		235A13BF20101834009AC6CF /* Assets.xcassets in Resources */ = {isa = PBXBuildFile; fileRef = 235A13BE20101834009AC6CF /* Assets.xcassets */; };
		235A13C220101834009AC6CF /* LaunchScreen.storyboard in Resources */ = {isa = PBXBuildFile; fileRef = 235A13C020101834009AC6CF /* LaunchScreen.storyboard */; };
		237A1ECD20114DF000B3C06D /* MenuTableViewCell.swift in Sources */ = {isa = PBXBuildFile; fileRef = 237A1ECC20114DF000B3C06D /* MenuTableViewCell.swift */; };
		237A1ECF20114E0F00B3C06D /* MenuViewController.swift in Sources */ = {isa = PBXBuildFile; fileRef = 237A1ECE20114E0F00B3C06D /* MenuViewController.swift */; };
		237A1ED120117B0E00B3C06D /* ATMSearchViewController.swift in Sources */ = {isa = PBXBuildFile; fileRef = 237A1ED020117B0E00B3C06D /* ATMSearchViewController.swift */; };
		237A1ED420117E6800B3C06D /* CoreLocation.framework in Frameworks */ = {isa = PBXBuildFile; fileRef = 237A1ED320117E6800B3C06D /* CoreLocation.framework */; };
		237A1ED92011836600B3C06D /* CurrencyListViewController.swift in Sources */ = {isa = PBXBuildFile; fileRef = 237A1ED82011836600B3C06D /* CurrencyListViewController.swift */; };
		237A1EDB201187F600B3C06D /* CurrencyCalculatorViewController.swift in Sources */ = {isa = PBXBuildFile; fileRef = 237A1EDA201187F600B3C06D /* CurrencyCalculatorViewController.swift */; };
		5C357C036939CF0CE2A8771E /* Pods_MobileBank.framework in Frameworks */ = {isa = PBXBuildFile; fileRef = 7F26CEA943FD257619123506 /* Pods_MobileBank.framework */; };
/* End PBXBuildFile section */

/* Begin PBXFileReference section */
		2343374A2011CA4A008A539C /* HomeViewController.swift */ = {isa = PBXFileReference; lastKnownFileType = sourcecode.swift; path = HomeViewController.swift; sourceTree = "<group>"; };
		2343374C201380E3008A539C /* TransactionsWidgetTableViewCell.swift */ = {isa = PBXFileReference; lastKnownFileType = sourcecode.swift; path = TransactionsWidgetTableViewCell.swift; sourceTree = "<group>"; };
		2343374F2013B691008A539C /* ActivationViewController.swift */ = {isa = PBXFileReference; lastKnownFileType = sourcecode.swift; path = ActivationViewController.swift; sourceTree = "<group>"; };
		234337512013E758008A539C /* TransactionsViewController.swift */ = {isa = PBXFileReference; lastKnownFileType = sourcecode.swift; path = TransactionsViewController.swift; sourceTree = "<group>"; };
		234337532013E762008A539C /* CardsViewController.swift */ = {isa = PBXFileReference; lastKnownFileType = sourcecode.swift; path = CardsViewController.swift; sourceTree = "<group>"; };
		234337552013E773008A539C /* UserDetailsViewController.swift */ = {isa = PBXFileReference; lastKnownFileType = sourcecode.swift; path = UserDetailsViewController.swift; sourceTree = "<group>"; };
		234337572013E783008A539C /* AccountsViewController.swift */ = {isa = PBXFileReference; lastKnownFileType = sourcecode.swift; path = AccountsViewController.swift; sourceTree = "<group>"; };
		234337592013E78D008A539C /* PaymentsViewController.swift */ = {isa = PBXFileReference; lastKnownFileType = sourcecode.swift; path = PaymentsViewController.swift; sourceTree = "<group>"; };
		2343375B2013E85D008A539C /* ContactViewController.swift */ = {isa = PBXFileReference; lastKnownFileType = sourcecode.swift; path = ContactViewController.swift; sourceTree = "<group>"; };
		2343375F20140F81008A539C /* CurrencyDownloadService.swift */ = {isa = PBXFileReference; lastKnownFileType = sourcecode.swift; path = CurrencyDownloadService.swift; sourceTree = "<group>"; };
		23433762201413E7008A539C /* Currency.swift */ = {isa = PBXFileReference; lastKnownFileType = sourcecode.swift; path = Currency.swift; sourceTree = "<group>"; };
		234337642014BDD3008A539C /* CurrencyListTableViewCell.swift */ = {isa = PBXFileReference; lastKnownFileType = sourcecode.swift; path = CurrencyListTableViewCell.swift; sourceTree = "<group>"; };
		234337662014D09B008A539C /* GoogleService-Info.plist */ = {isa = PBXFileReference; fileEncoding = 4; lastKnownFileType = text.plist.xml; path = "GoogleService-Info.plist"; sourceTree = "<group>"; };
		234337682014D408008A539C /* EnterPinViewController.swift */ = {isa = PBXFileReference; lastKnownFileType = sourcecode.swift; path = EnterPinViewController.swift; sourceTree = "<group>"; };
		2343376A2014E087008A539C /* KeychainPasswordItem.swift */ = {isa = PBXFileReference; fileEncoding = 4; lastKnownFileType = sourcecode.swift; path = KeychainPasswordItem.swift; sourceTree = "<group>"; };
		2343376C2014ECFD008A539C /* TouchIDAuthentication.swift */ = {isa = PBXFileReference; lastKnownFileType = sourcecode.swift; path = TouchIDAuthentication.swift; sourceTree = "<group>"; };
		2343376F2014F172008A539C /* Transaction.swift */ = {isa = PBXFileReference; lastKnownFileType = sourcecode.swift; path = Transaction.swift; sourceTree = "<group>"; };
		235A13B120101834009AC6CF /* MobileBank.app */ = {isa = PBXFileReference; explicitFileType = wrapper.application; includeInIndex = 0; path = MobileBank.app; sourceTree = BUILT_PRODUCTS_DIR; };
		235A13B420101834009AC6CF /* AppDelegate.swift */ = {isa = PBXFileReference; lastKnownFileType = sourcecode.swift; path = AppDelegate.swift; sourceTree = "<group>"; };
		235A13B620101834009AC6CF /* LoginViewController.swift */ = {isa = PBXFileReference; lastKnownFileType = sourcecode.swift; path = LoginViewController.swift; sourceTree = "<group>"; };
		235A13B920101834009AC6CF /* Base */ = {isa = PBXFileReference; lastKnownFileType = file.storyboard; name = Base; path = Base.lproj/Main.storyboard; sourceTree = "<group>"; };
		235A13BC20101834009AC6CF /* MobileBank.xcdatamodel */ = {isa = PBXFileReference; lastKnownFileType = wrapper.xcdatamodel; path = MobileBank.xcdatamodel; sourceTree = "<group>"; };
		235A13BE20101834009AC6CF /* Assets.xcassets */ = {isa = PBXFileReference; lastKnownFileType = folder.assetcatalog; path = Assets.xcassets; sourceTree = "<group>"; };
		235A13C120101834009AC6CF /* Base */ = {isa = PBXFileReference; lastKnownFileType = file.storyboard; name = Base; path = Base.lproj/LaunchScreen.storyboard; sourceTree = "<group>"; };
		235A13C320101834009AC6CF /* Info.plist */ = {isa = PBXFileReference; lastKnownFileType = text.plist.xml; path = Info.plist; sourceTree = "<group>"; };
		237A1ECC20114DF000B3C06D /* MenuTableViewCell.swift */ = {isa = PBXFileReference; lastKnownFileType = sourcecode.swift; path = MenuTableViewCell.swift; sourceTree = "<group>"; };
		237A1ECE20114E0F00B3C06D /* MenuViewController.swift */ = {isa = PBXFileReference; lastKnownFileType = sourcecode.swift; path = MenuViewController.swift; sourceTree = "<group>"; };
		237A1ED020117B0E00B3C06D /* ATMSearchViewController.swift */ = {isa = PBXFileReference; lastKnownFileType = sourcecode.swift; path = ATMSearchViewController.swift; sourceTree = "<group>"; };
		237A1ED320117E6800B3C06D /* CoreLocation.framework */ = {isa = PBXFileReference; lastKnownFileType = wrapper.framework; name = CoreLocation.framework; path = System/Library/Frameworks/CoreLocation.framework; sourceTree = SDKROOT; };
		237A1ED82011836600B3C06D /* CurrencyListViewController.swift */ = {isa = PBXFileReference; lastKnownFileType = sourcecode.swift; path = CurrencyListViewController.swift; sourceTree = "<group>"; };
		237A1EDA201187F600B3C06D /* CurrencyCalculatorViewController.swift */ = {isa = PBXFileReference; lastKnownFileType = sourcecode.swift; path = CurrencyCalculatorViewController.swift; sourceTree = "<group>"; };
		69AAA126252849D6C080B592 /* Pods-MobileBank.debug.xcconfig */ = {isa = PBXFileReference; includeInIndex = 1; lastKnownFileType = text.xcconfig; name = "Pods-MobileBank.debug.xcconfig"; path = "Pods/Target Support Files/Pods-MobileBank/Pods-MobileBank.debug.xcconfig"; sourceTree = "<group>"; };
		7F26CEA943FD257619123506 /* Pods_MobileBank.framework */ = {isa = PBXFileReference; explicitFileType = wrapper.framework; includeInIndex = 0; path = Pods_MobileBank.framework; sourceTree = BUILT_PRODUCTS_DIR; };
		FA0D423247D086D9396F9589 /* Pods-MobileBank.release.xcconfig */ = {isa = PBXFileReference; includeInIndex = 1; lastKnownFileType = text.xcconfig; name = "Pods-MobileBank.release.xcconfig"; path = "Pods/Target Support Files/Pods-MobileBank/Pods-MobileBank.release.xcconfig"; sourceTree = "<group>"; };
/* End PBXFileReference section */

/* Begin PBXFrameworksBuildPhase section */
		235A13AE20101834009AC6CF /* Frameworks */ = {
			isa = PBXFrameworksBuildPhase;
			buildActionMask = 2147483647;
			files = (
				237A1ED420117E6800B3C06D /* CoreLocation.framework in Frameworks */,
				5C357C036939CF0CE2A8771E /* Pods_MobileBank.framework in Frameworks */,
			);
			runOnlyForDeploymentPostprocessing = 0;
		};
/* End PBXFrameworksBuildPhase section */

/* Begin PBXGroup section */
		2343374E2013B664008A539C /* Authentication */ = {
			isa = PBXGroup;
			children = (
				2343376A2014E087008A539C /* KeychainPasswordItem.swift */,
				235A13B620101834009AC6CF /* LoginViewController.swift */,
				2343374F2013B691008A539C /* ActivationViewController.swift */,
				234337682014D408008A539C /* EnterPinViewController.swift */,
				2343376C2014ECFD008A539C /* TouchIDAuthentication.swift */,
			);
			path = Authentication;
			sourceTree = "<group>";
		};
		2343375D20140F58008A539C /* Services */ = {
			isa = PBXGroup;
			children = (
				2343375F20140F81008A539C /* CurrencyDownloadService.swift */,
			);
			path = Services;
			sourceTree = "<group>";
		};
		23433761201413BD008A539C /* Model */ = {
			isa = PBXGroup;
			children = (
				23433762201413E7008A539C /* Currency.swift */,
			);
			path = Model;
			sourceTree = "<group>";
		};
		2343376E2014F165008A539C /* Model */ = {
			isa = PBXGroup;
			children = (
				2343376F2014F172008A539C /* Transaction.swift */,
			);
			path = Model;
			sourceTree = "<group>";
		};
		235A13A820101834009AC6CF = {
			isa = PBXGroup;
			children = (
				235A13B320101834009AC6CF /* MobileBank */,
				235A13B220101834009AC6CF /* Products */,
				237A1ED220117E6700B3C06D /* Frameworks */,
				8EABB711031FF98171D1BF81 /* Pods */,
			);
			sourceTree = "<group>";
		};
		235A13B220101834009AC6CF /* Products */ = {
			isa = PBXGroup;
			children = (
				235A13B120101834009AC6CF /* MobileBank.app */,
			);
			name = Products;
			sourceTree = "<group>";
		};
		235A13B320101834009AC6CF /* MobileBank */ = {
			isa = PBXGroup;
			children = (
				2343375D20140F58008A539C /* Services */,
				2343374E2013B664008A539C /* Authentication */,
				237A1EE220118EA600B3C06D /* Contact */,
				237A1EE120118E9400B3C06D /* Transactions */,
				237A1EE020118E5B00B3C06D /* Cards */,
				237A1EDF20118E5000B3C06D /* Home */,
				237A1EDE20118E4500B3C06D /* User */,
				237A1EDD20118E3900B3C06D /* Accounts */,
				237A1EDC20118E2F00B3C06D /* Payments */,
				237A1ED72011834500B3C06D /* Currencies */,
				237A1ED62011833B00B3C06D /* ATM */,
				237A1ED52011832800B3C06D /* Menu */,
				235A13B420101834009AC6CF /* AppDelegate.swift */,
				235A13B820101834009AC6CF /* Main.storyboard */,
				235A13BE20101834009AC6CF /* Assets.xcassets */,
				235A13C020101834009AC6CF /* LaunchScreen.storyboard */,
				235A13C320101834009AC6CF /* Info.plist */,
				234337662014D09B008A539C /* GoogleService-Info.plist */,
				235A13BB20101834009AC6CF /* MobileBank.xcdatamodeld */,
			);
			path = MobileBank;
			sourceTree = "<group>";
		};
		237A1ED220117E6700B3C06D /* Frameworks */ = {
			isa = PBXGroup;
			children = (
				237A1ED320117E6800B3C06D /* CoreLocation.framework */,
				7F26CEA943FD257619123506 /* Pods_MobileBank.framework */,
			);
			name = Frameworks;
			sourceTree = "<group>";
		};
		237A1ED52011832800B3C06D /* Menu */ = {
			isa = PBXGroup;
			children = (
				237A1ECC20114DF000B3C06D /* MenuTableViewCell.swift */,
				237A1ECE20114E0F00B3C06D /* MenuViewController.swift */,
			);
			path = Menu;
			sourceTree = "<group>";
		};
		237A1ED62011833B00B3C06D /* ATM */ = {
			isa = PBXGroup;
			children = (
				237A1ED020117B0E00B3C06D /* ATMSearchViewController.swift */,
			);
			path = ATM;
			sourceTree = "<group>";
		};
		237A1ED72011834500B3C06D /* Currencies */ = {
			isa = PBXGroup;
			children = (
				23433761201413BD008A539C /* Model */,
				237A1ED82011836600B3C06D /* CurrencyListViewController.swift */,
				237A1EDA201187F600B3C06D /* CurrencyCalculatorViewController.swift */,
				234337642014BDD3008A539C /* CurrencyListTableViewCell.swift */,
			);
			path = Currencies;
			sourceTree = "<group>";
		};
		237A1EDC20118E2F00B3C06D /* Payments */ = {
			isa = PBXGroup;
			children = (
				234337592013E78D008A539C /* PaymentsViewController.swift */,
			);
			path = Payments;
			sourceTree = "<group>";
		};
		237A1EDD20118E3900B3C06D /* Accounts */ = {
			isa = PBXGroup;
			children = (
				234337572013E783008A539C /* AccountsViewController.swift */,
			);
			path = Accounts;
			sourceTree = "<group>";
		};
		237A1EDE20118E4500B3C06D /* User */ = {
			isa = PBXGroup;
			children = (
				234337552013E773008A539C /* UserDetailsViewController.swift */,
			);
			path = User;
			sourceTree = "<group>";
		};
		237A1EDF20118E5000B3C06D /* Home */ = {
			isa = PBXGroup;
			children = (
				2343374A2011CA4A008A539C /* HomeViewController.swift */,
				2343374C201380E3008A539C /* TransactionsWidgetTableViewCell.swift */,
			);
			path = Home;
			sourceTree = "<group>";
		};
		237A1EE020118E5B00B3C06D /* Cards */ = {
			isa = PBXGroup;
			children = (
				234337532013E762008A539C /* CardsViewController.swift */,
			);
			path = Cards;
			sourceTree = "<group>";
		};
		237A1EE120118E9400B3C06D /* Transactions */ = {
			isa = PBXGroup;
			children = (
				2343376E2014F165008A539C /* Model */,
				234337512013E758008A539C /* TransactionsViewController.swift */,
			);
			path = Transactions;
			sourceTree = "<group>";
		};
		237A1EE220118EA600B3C06D /* Contact */ = {
			isa = PBXGroup;
			children = (
				2343375B2013E85D008A539C /* ContactViewController.swift */,
			);
			path = Contact;
			sourceTree = "<group>";
		};
		8EABB711031FF98171D1BF81 /* Pods */ = {
			isa = PBXGroup;
			children = (
				69AAA126252849D6C080B592 /* Pods-MobileBank.debug.xcconfig */,
				FA0D423247D086D9396F9589 /* Pods-MobileBank.release.xcconfig */,
			);
			name = Pods;
			sourceTree = "<group>";
		};
/* End PBXGroup section */

/* Begin PBXNativeTarget section */
		235A13B020101834009AC6CF /* MobileBank */ = {
			isa = PBXNativeTarget;
			buildConfigurationList = 235A13C620101834009AC6CF /* Build configuration list for PBXNativeTarget "MobileBank" */;
			buildPhases = (
				BE5C8E1C853CA4DE3AD7A2EA /* [CP] Check Pods Manifest.lock */,
				235A13AD20101834009AC6CF /* Sources */,
				235A13AE20101834009AC6CF /* Frameworks */,
				235A13AF20101834009AC6CF /* Resources */,
				617EF851997D8D742F908FB5 /* [CP] Embed Pods Frameworks */,
				F033C78EEF1CF957C6FBF909 /* [CP] Copy Pods Resources */,
			);
			buildRules = (
			);
			dependencies = (
			);
			name = MobileBank;
			productName = MobileBank;
			productReference = 235A13B120101834009AC6CF /* MobileBank.app */;
			productType = "com.apple.product-type.application";
		};
/* End PBXNativeTarget section */

/* Begin PBXProject section */
		235A13A920101834009AC6CF /* Project object */ = {
			isa = PBXProject;
			attributes = {
				LastSwiftUpdateCheck = 0920;
				LastUpgradeCheck = 0920;
				ORGANIZATIONNAME = "Tamas Ondresik";
				TargetAttributes = {
					235A13B020101834009AC6CF = {
						CreatedOnToolsVersion = 9.2;
						ProvisioningStyle = Automatic;
					};
				};
			};
			buildConfigurationList = 235A13AC20101834009AC6CF /* Build configuration list for PBXProject "MobileBank" */;
			compatibilityVersion = "Xcode 8.0";
			developmentRegion = en;
			hasScannedForEncodings = 0;
			knownRegions = (
				en,
				Base,
			);
			mainGroup = 235A13A820101834009AC6CF;
			productRefGroup = 235A13B220101834009AC6CF /* Products */;
			projectDirPath = "";
			projectRoot = "";
			targets = (
				235A13B020101834009AC6CF /* MobileBank */,
			);
		};
/* End PBXProject section */

/* Begin PBXResourcesBuildPhase section */
		235A13AF20101834009AC6CF /* Resources */ = {
			isa = PBXResourcesBuildPhase;
			buildActionMask = 2147483647;
			files = (
				235A13C220101834009AC6CF /* LaunchScreen.storyboard in Resources */,
				234337672014D09B008A539C /* GoogleService-Info.plist in Resources */,
				235A13BF20101834009AC6CF /* Assets.xcassets in Resources */,
				235A13BA20101834009AC6CF /* Main.storyboard in Resources */,
			);
			runOnlyForDeploymentPostprocessing = 0;
		};
/* End PBXResourcesBuildPhase section */

/* Begin PBXShellScriptBuildPhase section */
		617EF851997D8D742F908FB5 /* [CP] Embed Pods Frameworks */ = {
			isa = PBXShellScriptBuildPhase;
			buildActionMask = 2147483647;
			files = (
			);
			inputPaths = (
			);
			name = "[CP] Embed Pods Frameworks";
			outputPaths = (
			);
			runOnlyForDeploymentPostprocessing = 0;
			shellPath = /bin/sh;
			shellScript = "\"${SRCROOT}/Pods/Target Support Files/Pods-MobileBank/Pods-MobileBank-frameworks.sh\"\n";
			showEnvVarsInLog = 0;
		};
		BE5C8E1C853CA4DE3AD7A2EA /* [CP] Check Pods Manifest.lock */ = {
			isa = PBXShellScriptBuildPhase;
			buildActionMask = 2147483647;
			files = (
			);
			inputPaths = (
			);
			name = "[CP] Check Pods Manifest.lock";
			outputPaths = (
			);
			runOnlyForDeploymentPostprocessing = 0;
			shellPath = /bin/sh;
			shellScript = "diff \"${PODS_PODFILE_DIR_PATH}/Podfile.lock\" \"${PODS_ROOT}/Manifest.lock\" > /dev/null\nif [ $? != 0 ] ; then\n    # print error to STDERR\n    echo \"error: The sandbox is not in sync with the Podfile.lock. Run 'pod install' or update your CocoaPods installation.\" >&2\n    exit 1\nfi\n";
			showEnvVarsInLog = 0;
		};
		F033C78EEF1CF957C6FBF909 /* [CP] Copy Pods Resources */ = {
			isa = PBXShellScriptBuildPhase;
			buildActionMask = 2147483647;
			files = (
			);
			inputPaths = (
			);
			name = "[CP] Copy Pods Resources";
			outputPaths = (
			);
			runOnlyForDeploymentPostprocessing = 0;
			shellPath = /bin/sh;
			shellScript = "\"${SRCROOT}/Pods/Target Support Files/Pods-MobileBank/Pods-MobileBank-resources.sh\"\n";
			showEnvVarsInLog = 0;
		};
/* End PBXShellScriptBuildPhase section */

/* Begin PBXSourcesBuildPhase section */
		235A13AD20101834009AC6CF /* Sources */ = {
			isa = PBXSourcesBuildPhase;
			buildActionMask = 2147483647;
			files = (
				235A13B720101834009AC6CF /* LoginViewController.swift in Sources */,
				237A1ED92011836600B3C06D /* CurrencyListViewController.swift in Sources */,
				234337702014F172008A539C /* Transaction.swift in Sources */,
				234337522013E758008A539C /* TransactionsViewController.swift in Sources */,
				2343375C2013E85D008A539C /* ContactViewController.swift in Sources */,
				2343374D201380E3008A539C /* TransactionsWidgetTableViewCell.swift in Sources */,
				234337562013E773008A539C /* UserDetailsViewController.swift in Sources */,
				237A1ECF20114E0F00B3C06D /* MenuViewController.swift in Sources */,
				235A13B520101834009AC6CF /* AppDelegate.swift in Sources */,
				234337692014D408008A539C /* EnterPinViewController.swift in Sources */,
				234337652014BDD3008A539C /* CurrencyListTableViewCell.swift in Sources */,
				2343375A2013E78D008A539C /* PaymentsViewController.swift in Sources */,
				2343376D2014ECFD008A539C /* TouchIDAuthentication.swift in Sources */,
				234337582013E783008A539C /* AccountsViewController.swift in Sources */,
				23433763201413E7008A539C /* Currency.swift in Sources */,
				2343376020140F81008A539C /* CurrencyDownloadService.swift in Sources */,
				237A1ECD20114DF000B3C06D /* MenuTableViewCell.swift in Sources */,
				234337542013E762008A539C /* CardsViewController.swift in Sources */,
				2343374B2011CA4A008A539C /* HomeViewController.swift in Sources */,
				237A1EDB201187F600B3C06D /* CurrencyCalculatorViewController.swift in Sources */,
				235A13BD20101834009AC6CF /* MobileBank.xcdatamodeld in Sources */,
				234337502013B691008A539C /* ActivationViewController.swift in Sources */,
				237A1ED120117B0E00B3C06D /* ATMSearchViewController.swift in Sources */,
				2343376B2014E088008A539C /* KeychainPasswordItem.swift in Sources */,
			);
			runOnlyForDeploymentPostprocessing = 0;
		};
/* End PBXSourcesBuildPhase section */

/* Begin PBXVariantGroup section */
		235A13B820101834009AC6CF /* Main.storyboard */ = {
			isa = PBXVariantGroup;
			children = (
				235A13B920101834009AC6CF /* Base */,
			);
			name = Main.storyboard;
			sourceTree = "<group>";
		};
		235A13C020101834009AC6CF /* LaunchScreen.storyboard */ = {
			isa = PBXVariantGroup;
			children = (
				235A13C120101834009AC6CF /* Base */,
			);
			name = LaunchScreen.storyboard;
			sourceTree = "<group>";
		};
/* End PBXVariantGroup section */

/* Begin XCBuildConfiguration section */
		235A13C420101834009AC6CF /* Debug */ = {
			isa = XCBuildConfiguration;
			buildSettings = {
				ALWAYS_SEARCH_USER_PATHS = NO;
				CLANG_ANALYZER_NONNULL = YES;
				CLANG_ANALYZER_NUMBER_OBJECT_CONVERSION = YES_AGGRESSIVE;
				CLANG_CXX_LANGUAGE_STANDARD = "gnu++14";
				CLANG_CXX_LIBRARY = "libc++";
				CLANG_ENABLE_MODULES = YES;
				CLANG_ENABLE_OBJC_ARC = YES;
				CLANG_WARN_BLOCK_CAPTURE_AUTORELEASING = YES;
				CLANG_WARN_BOOL_CONVERSION = YES;
				CLANG_WARN_COMMA = YES;
				CLANG_WARN_CONSTANT_CONVERSION = YES;
				CLANG_WARN_DIRECT_OBJC_ISA_USAGE = YES_ERROR;
				CLANG_WARN_DOCUMENTATION_COMMENTS = YES;
				CLANG_WARN_EMPTY_BODY = YES;
				CLANG_WARN_ENUM_CONVERSION = YES;
				CLANG_WARN_INFINITE_RECURSION = YES;
				CLANG_WARN_INT_CONVERSION = YES;
				CLANG_WARN_NON_LITERAL_NULL_CONVERSION = YES;
				CLANG_WARN_OBJC_LITERAL_CONVERSION = YES;
				CLANG_WARN_OBJC_ROOT_CLASS = YES_ERROR;
				CLANG_WARN_RANGE_LOOP_ANALYSIS = YES;
				CLANG_WARN_STRICT_PROTOTYPES = YES;
				CLANG_WARN_SUSPICIOUS_MOVE = YES;
				CLANG_WARN_UNGUARDED_AVAILABILITY = YES_AGGRESSIVE;
				CLANG_WARN_UNREACHABLE_CODE = YES;
				CLANG_WARN__DUPLICATE_METHOD_MATCH = YES;
				CODE_SIGN_IDENTITY = "iPhone Developer";
				COPY_PHASE_STRIP = NO;
				DEBUG_INFORMATION_FORMAT = dwarf;
				ENABLE_STRICT_OBJC_MSGSEND = YES;
				ENABLE_TESTABILITY = YES;
				GCC_C_LANGUAGE_STANDARD = gnu11;
				GCC_DYNAMIC_NO_PIC = NO;
				GCC_NO_COMMON_BLOCKS = YES;
				GCC_OPTIMIZATION_LEVEL = 0;
				GCC_PREPROCESSOR_DEFINITIONS = (
					"DEBUG=1",
					"$(inherited)",
				);
				GCC_WARN_64_TO_32_BIT_CONVERSION = YES;
				GCC_WARN_ABOUT_RETURN_TYPE = YES_ERROR;
				GCC_WARN_UNDECLARED_SELECTOR = YES;
				GCC_WARN_UNINITIALIZED_AUTOS = YES_AGGRESSIVE;
				GCC_WARN_UNUSED_FUNCTION = YES;
				GCC_WARN_UNUSED_VARIABLE = YES;
				IPHONEOS_DEPLOYMENT_TARGET = 11.2;
				MTL_ENABLE_DEBUG_INFO = YES;
				ONLY_ACTIVE_ARCH = YES;
				SDKROOT = iphoneos;
				SWIFT_ACTIVE_COMPILATION_CONDITIONS = DEBUG;
				SWIFT_OPTIMIZATION_LEVEL = "-Onone";
			};
			name = Debug;
		};
		235A13C520101834009AC6CF /* Release */ = {
			isa = XCBuildConfiguration;
			buildSettings = {
				ALWAYS_SEARCH_USER_PATHS = NO;
				CLANG_ANALYZER_NONNULL = YES;
				CLANG_ANALYZER_NUMBER_OBJECT_CONVERSION = YES_AGGRESSIVE;
				CLANG_CXX_LANGUAGE_STANDARD = "gnu++14";
				CLANG_CXX_LIBRARY = "libc++";
				CLANG_ENABLE_MODULES = YES;
				CLANG_ENABLE_OBJC_ARC = YES;
				CLANG_WARN_BLOCK_CAPTURE_AUTORELEASING = YES;
				CLANG_WARN_BOOL_CONVERSION = YES;
				CLANG_WARN_COMMA = YES;
				CLANG_WARN_CONSTANT_CONVERSION = YES;
				CLANG_WARN_DIRECT_OBJC_ISA_USAGE = YES_ERROR;
				CLANG_WARN_DOCUMENTATION_COMMENTS = YES;
				CLANG_WARN_EMPTY_BODY = YES;
				CLANG_WARN_ENUM_CONVERSION = YES;
				CLANG_WARN_INFINITE_RECURSION = YES;
				CLANG_WARN_INT_CONVERSION = YES;
				CLANG_WARN_NON_LITERAL_NULL_CONVERSION = YES;
				CLANG_WARN_OBJC_LITERAL_CONVERSION = YES;
				CLANG_WARN_OBJC_ROOT_CLASS = YES_ERROR;
				CLANG_WARN_RANGE_LOOP_ANALYSIS = YES;
				CLANG_WARN_STRICT_PROTOTYPES = YES;
				CLANG_WARN_SUSPICIOUS_MOVE = YES;
				CLANG_WARN_UNGUARDED_AVAILABILITY = YES_AGGRESSIVE;
				CLANG_WARN_UNREACHABLE_CODE = YES;
				CLANG_WARN__DUPLICATE_METHOD_MATCH = YES;
				CODE_SIGN_IDENTITY = "iPhone Developer";
				COPY_PHASE_STRIP = NO;
				DEBUG_INFORMATION_FORMAT = "dwarf-with-dsym";
				ENABLE_NS_ASSERTIONS = NO;
				ENABLE_STRICT_OBJC_MSGSEND = YES;
				GCC_C_LANGUAGE_STANDARD = gnu11;
				GCC_NO_COMMON_BLOCKS = YES;
				GCC_WARN_64_TO_32_BIT_CONVERSION = YES;
				GCC_WARN_ABOUT_RETURN_TYPE = YES_ERROR;
				GCC_WARN_UNDECLARED_SELECTOR = YES;
				GCC_WARN_UNINITIALIZED_AUTOS = YES_AGGRESSIVE;
				GCC_WARN_UNUSED_FUNCTION = YES;
				GCC_WARN_UNUSED_VARIABLE = YES;
				IPHONEOS_DEPLOYMENT_TARGET = 11.2;
				MTL_ENABLE_DEBUG_INFO = NO;
				SDKROOT = iphoneos;
				SWIFT_OPTIMIZATION_LEVEL = "-Owholemodule";
				VALIDATE_PRODUCT = YES;
			};
			name = Release;
		};
		235A13C720101834009AC6CF /* Debug */ = {
			isa = XCBuildConfiguration;
			baseConfigurationReference = 69AAA126252849D6C080B592 /* Pods-MobileBank.debug.xcconfig */;
			buildSettings = {
				ASSETCATALOG_COMPILER_APPICON_NAME = AppIcon;
				"CODE_SIGN_IDENTITY[sdk=iphoneos*]" = "iPhone Developer";
				CODE_SIGN_STYLE = Automatic;
				DEVELOPMENT_TEAM = 38RBJQ3526;
				INFOPLIST_FILE = MobileBank/Info.plist;
				IPHONEOS_DEPLOYMENT_TARGET = 11.0;
				LD_RUNPATH_SEARCH_PATHS = "$(inherited) @executable_path/Frameworks";
				PRODUCT_BUNDLE_IDENTIFIER = com.thomasondr.MobileBank;
				PRODUCT_NAME = "$(TARGET_NAME)";
				PROVISIONING_PROFILE_SPECIFIER = "";
				SWIFT_VERSION = 4.0;
				TARGETED_DEVICE_FAMILY = 1;
			};
			name = Debug;
		};
		235A13C820101834009AC6CF /* Release */ = {
			isa = XCBuildConfiguration;
			baseConfigurationReference = FA0D423247D086D9396F9589 /* Pods-MobileBank.release.xcconfig */;
			buildSettings = {
				ASSETCATALOG_COMPILER_APPICON_NAME = AppIcon;
				"CODE_SIGN_IDENTITY[sdk=iphoneos*]" = "iPhone Developer";
				CODE_SIGN_STYLE = Automatic;
				DEVELOPMENT_TEAM = 38RBJQ3526;
				INFOPLIST_FILE = MobileBank/Info.plist;
				IPHONEOS_DEPLOYMENT_TARGET = 11.0;
				LD_RUNPATH_SEARCH_PATHS = "$(inherited) @executable_path/Frameworks";
				PRODUCT_BUNDLE_IDENTIFIER = com.thomasondr.MobileBank;
				PRODUCT_NAME = "$(TARGET_NAME)";
				PROVISIONING_PROFILE_SPECIFIER = "";
				SWIFT_VERSION = 4.0;
				TARGETED_DEVICE_FAMILY = 1;
			};
			name = Release;
		};
/* End XCBuildConfiguration section */

/* Begin XCConfigurationList section */
		235A13AC20101834009AC6CF /* Build configuration list for PBXProject "MobileBank" */ = {
			isa = XCConfigurationList;
			buildConfigurations = (
				235A13C420101834009AC6CF /* Debug */,
				235A13C520101834009AC6CF /* Release */,
			);
			defaultConfigurationIsVisible = 0;
			defaultConfigurationName = Release;
		};
		235A13C620101834009AC6CF /* Build configuration list for PBXNativeTarget "MobileBank" */ = {
			isa = XCConfigurationList;
			buildConfigurations = (
				235A13C720101834009AC6CF /* Debug */,
				235A13C820101834009AC6CF /* Release */,
			);
			defaultConfigurationIsVisible = 0;
			defaultConfigurationName = Release;
		};
/* End XCConfigurationList section */

/* Begin XCVersionGroup section */
		235A13BB20101834009AC6CF /* MobileBank.xcdatamodeld */ = {
			isa = XCVersionGroup;
			children = (
				235A13BC20101834009AC6CF /* MobileBank.xcdatamodel */,
			);
			currentVersion = 235A13BC20101834009AC6CF /* MobileBank.xcdatamodel */;
			path = MobileBank.xcdatamodeld;
			sourceTree = "<group>";
			versionGroupType = wrapper.xcdatamodel;
		};
/* End XCVersionGroup section */
	};
	rootObject = 235A13A920101834009AC6CF /* Project object */;
}
