// !$*UTF8*$!
{
	archiveVersion = 1;
	classes = {
	};
	objectVersion = 48;
	objects = {

/* Begin PBXBuildFile section */
		235A13B520101834009AC6CF /* AppDelegate.swift in Sources */ = {isa = PBXBuildFile; fileRef = 235A13B420101834009AC6CF /* AppDelegate.swift */; };
		235A13B720101834009AC6CF /* LoginViewController.swift in Sources */ = {isa = PBXBuildFile; fileRef = 235A13B620101834009AC6CF /* LoginViewController.swift */; };
		235A13BA20101834009AC6CF /* Main.storyboard in Resources */ = {isa = PBXBuildFile; fileRef = 235A13B820101834009AC6CF /* Main.storyboard */; };
		235A13BD20101834009AC6CF /* MobileBank.xcdatamodeld in Sources */ = {isa = PBXBuildFile; fileRef = 235A13BB20101834009AC6CF /* MobileBank.xcdatamodeld */; };
		235A13BF20101834009AC6CF /* Assets.xcassets in Resources */ = {isa = PBXBuildFile; fileRef = 235A13BE20101834009AC6CF /* Assets.xcassets */; };
		235A13C220101834009AC6CF /* LaunchScreen.storyboard in Resources */ = {isa = PBXBuildFile; fileRef = 235A13C020101834009AC6CF /* LaunchScreen.storyboard */; };
		237A1ECD20114DF000B3C06D /* MenuTableViewCell.swift in Sources */ = {isa = PBXBuildFile; fileRef = 237A1ECC20114DF000B3C06D /* MenuTableViewCell.swift */; };
		237A1ECF20114E0F00B3C06D /* MenuViewController.swift in Sources */ = {isa = PBXBuildFile; fileRef = 237A1ECE20114E0F00B3C06D /* MenuViewController.swift */; };
/* End PBXBuildFile section */

/* Begin PBXFileReference section */
		235A13B120101834009AC6CF /* MobileBank.app */ = {isa = PBXFileReference; explicitFileType = wrapper.application; includeInIndex = 0; path = MobileBank.app; sourceTree = BUILT_PRODUCTS_DIR; };
		235A13B420101834009AC6CF /* AppDelegate.swift */ = {isa = PBXFileReference; lastKnownFileType = sourcecode.swift; path = AppDelegate.swift; sourceTree = "<group>"; };
		235A13B620101834009AC6CF /* LoginViewController.swift */ = {isa = PBXFileReference; lastKnownFileType = sourcecode.swift; path = LoginViewController.swift; sourceTree = "<group>"; };
		235A13B920101834009AC6CF /* Base */ = {isa = PBXFileReference; lastKnownFileType = file.storyboard; name = Base; path = Base.lproj/Main.storyboard; sourceTree = "<group>"; };
		235A13BC20101834009AC6CF /* MobileBank.xcdatamodel */ = {isa = PBXFileReference; lastKnownFileType = wrapper.xcdatamodel; path = MobileBank.xcdatamodel; sourceTree = "<group>"; };
		235A13BE20101834009AC6CF /* Assets.xcassets */ = {isa = PBXFileReference; lastKnownFileType = folder.assetcatalog; path = Assets.xcassets; sourceTree = "<group>"; };
		235A13C120101834009AC6CF /* Base */ = {isa = PBXFileReference; lastKnownFileType = file.storyboard; name = Base; path = Base.lproj/LaunchScreen.storyboard; sourceTree = "<group>"; };
		235A13C320101834009AC6CF /* Info.plist */ = {isa = PBXFileReference; lastKnownFileType = text.plist.xml; path = Info.plist; sourceTree = "<group>"; };
		237A1ECC20114DF000B3C06D /* MenuTableViewCell.swift */ = {isa = PBXFileReference; lastKnownFileType = sourcecode.swift; path = MenuTableViewCell.swift; sourceTree = "<group>"; };
		237A1ECE20114E0F00B3C06D /* MenuViewController.swift */ = {isa = PBXFileReference; lastKnownFileType = sourcecode.swift; path = MenuViewController.swift; sourceTree = "<group>"; };
/* End PBXFileReference section */

/* Begin PBXFrameworksBuildPhase section */
		235A13AE20101834009AC6CF /* Frameworks */ = {
			isa = PBXFrameworksBuildPhase;
			buildActionMask = 2147483647;
			files = (
			);
			runOnlyForDeploymentPostprocessing = 0;
		};
/* End PBXFrameworksBuildPhase section */

/* Begin PBXGroup section */
		235A13A820101834009AC6CF = {
			isa = PBXGroup;
			children = (
				235A13B320101834009AC6CF /* MobileBank */,
				235A13B220101834009AC6CF /* Products */,
			);
			sourceTree = "<group>";
		};
		235A13B220101834009AC6CF /* Products */ = {
			isa = PBXGroup;
			children = (
				235A13B120101834009AC6CF /* MobileBank.app */,
			);
			name = Products;
			sourceTree = "<group>";
		};
		235A13B320101834009AC6CF /* MobileBank */ = {
			isa = PBXGroup;
			children = (
				235A13B420101834009AC6CF /* AppDelegate.swift */,
				235A13B620101834009AC6CF /* LoginViewController.swift */,
				235A13B820101834009AC6CF /* Main.storyboard */,
				235A13BE20101834009AC6CF /* Assets.xcassets */,
				235A13C020101834009AC6CF /* LaunchScreen.storyboard */,
				235A13C320101834009AC6CF /* Info.plist */,
				235A13BB20101834009AC6CF /* MobileBank.xcdatamodeld */,
				237A1ECC20114DF000B3C06D /* MenuTableViewCell.swift */,
				237A1ECE20114E0F00B3C06D /* MenuViewController.swift */,
			);
			path = MobileBank;
			sourceTree = "<group>";
		};
/* End PBXGroup section */

/* Begin PBXNativeTarget section */
		235A13B020101834009AC6CF /* MobileBank */ = {
			isa = PBXNativeTarget;
			buildConfigurationList = 235A13C620101834009AC6CF /* Build configuration list for PBXNativeTarget "MobileBank" */;
			buildPhases = (
				235A13AD20101834009AC6CF /* Sources */,
				235A13AE20101834009AC6CF /* Frameworks */,
				235A13AF20101834009AC6CF /* Resources */,
			);
			buildRules = (
			);
			dependencies = (
			);
			name = MobileBank;
			productName = MobileBank;
			productReference = 235A13B120101834009AC6CF /* MobileBank.app */;
			productType = "com.apple.product-type.application";
		};
/* End PBXNativeTarget section */

/* Begin PBXProject section */
		235A13A920101834009AC6CF /* Project object */ = {
			isa = PBXProject;
			attributes = {
				LastSwiftUpdateCheck = 0920;
				LastUpgradeCheck = 0920;
				ORGANIZATIONNAME = "Tamas Ondresik";
				TargetAttributes = {
					235A13B020101834009AC6CF = {
						CreatedOnToolsVersion = 9.2;
						ProvisioningStyle = Automatic;
					};
				};
			};
			buildConfigurationList = 235A13AC20101834009AC6CF /* Build configuration list for PBXProject "MobileBank" */;
			compatibilityVersion = "Xcode 8.0";
			developmentRegion = en;
			hasScannedForEncodings = 0;
			knownRegions = (
				en,
				Base,
			);
			mainGroup = 235A13A820101834009AC6CF;
			productRefGroup = 235A13B220101834009AC6CF /* Products */;
			projectDirPath = "";
			projectRoot = "";
			targets = (
				235A13B020101834009AC6CF /* MobileBank */,
			);
		};
/* End PBXProject section */

/* Begin PBXResourcesBuildPhase section */
		235A13AF20101834009AC6CF /* Resources */ = {
			isa = PBXResourcesBuildPhase;
			buildActionMask = 2147483647;
			files = (
				235A13C220101834009AC6CF /* LaunchScreen.storyboard in Resources */,
				235A13BF20101834009AC6CF /* Assets.xcassets in Resources */,
				235A13BA20101834009AC6CF /* Main.storyboard in Resources */,
			);
			runOnlyForDeploymentPostprocessing = 0;
		};
/* End PBXResourcesBuildPhase section */

/* Begin PBXSourcesBuildPhase section */
		235A13AD20101834009AC6CF /* Sources */ = {
			isa = PBXSourcesBuildPhase;
			buildActionMask = 2147483647;
			files = (
				235A13B720101834009AC6CF /* LoginViewController.swift in Sources */,
				237A1ECF20114E0F00B3C06D /* MenuViewController.swift in Sources */,
				235A13B520101834009AC6CF /* AppDelegate.swift in Sources */,
				237A1ECD20114DF000B3C06D /* MenuTableViewCell.swift in Sources */,
				235A13BD20101834009AC6CF /* MobileBank.xcdatamodeld in Sources */,
			);
			runOnlyForDeploymentPostprocessing = 0;
		};
/* End PBXSourcesBuildPhase section */

/* Begin PBXVariantGroup section */
		235A13B820101834009AC6CF /* Main.storyboard */ = {
			isa = PBXVariantGroup;
			children = (
				235A13B920101834009AC6CF /* Base */,
			);
			name = Main.storyboard;
			sourceTree = "<group>";
		};
		235A13C020101834009AC6CF /* LaunchScreen.storyboard */ = {
			isa = PBXVariantGroup;
			children = (
				235A13C120101834009AC6CF /* Base */,
			);
			name = LaunchScreen.storyboard;
			sourceTree = "<group>";
		};
/* End PBXVariantGroup section */

/* Begin XCBuildConfiguration section */
		235A13C420101834009AC6CF /* Debug */ = {
			isa = XCBuildConfiguration;
			buildSettings = {
				ALWAYS_SEARCH_USER_PATHS = NO;
				CLANG_ANALYZER_NONNULL = YES;
				CLANG_ANALYZER_NUMBER_OBJECT_CONVERSION = YES_AGGRESSIVE;
				CLANG_CXX_LANGUAGE_STANDARD = "gnu++14";
				CLANG_CXX_LIBRARY = "libc++";
				CLANG_ENABLE_MODULES = YES;
				CLANG_ENABLE_OBJC_ARC = YES;
				CLANG_WARN_BLOCK_CAPTURE_AUTORELEASING = YES;
				CLANG_WARN_BOOL_CONVERSION = YES;
				CLANG_WARN_COMMA = YES;
				CLANG_WARN_CONSTANT_CONVERSION = YES;
				CLANG_WARN_DIRECT_OBJC_ISA_USAGE = YES_ERROR;
				CLANG_WARN_DOCUMENTATION_COMMENTS = YES;
				CLANG_WARN_EMPTY_BODY = YES;
				CLANG_WARN_ENUM_CONVERSION = YES;
				CLANG_WARN_INFINITE_RECURSION = YES;
				CLANG_WARN_INT_CONVERSION = YES;
				CLANG_WARN_NON_LITERAL_NULL_CONVERSION = YES;
				CLANG_WARN_OBJC_LITERAL_CONVERSION = YES;
				CLANG_WARN_OBJC_ROOT_CLASS = YES_ERROR;
				CLANG_WARN_RANGE_LOOP_ANALYSIS = YES;
				CLANG_WARN_STRICT_PROTOTYPES = YES;
				CLANG_WARN_SUSPICIOUS_MOVE = YES;
				CLANG_WARN_UNGUARDED_AVAILABILITY = YES_AGGRESSIVE;
				CLANG_WARN_UNREACHABLE_CODE = YES;
				CLANG_WARN__DUPLICATE_METHOD_MATCH = YES;
				CODE_SIGN_IDENTITY = "iPhone Developer";
				COPY_PHASE_STRIP = NO;
				DEBUG_INFORMATION_FORMAT = dwarf;
				ENABLE_STRICT_OBJC_MSGSEND = YES;
				ENABLE_TESTABILITY = YES;
				GCC_C_LANGUAGE_STANDARD = gnu11;
				GCC_DYNAMIC_NO_PIC = NO;
				GCC_NO_COMMON_BLOCKS = YES;
				GCC_OPTIMIZATION_LEVEL = 0;
				GCC_PREPROCESSOR_DEFINITIONS = (
					"DEBUG=1",
					"$(inherited)",
				);
				GCC_WARN_64_TO_32_BIT_CONVERSION = YES;
				GCC_WARN_ABOUT_RETURN_TYPE = YES_ERROR;
				GCC_WARN_UNDECLARED_SELECTOR = YES;
				GCC_WARN_UNINITIALIZED_AUTOS = YES_AGGRESSIVE;
				GCC_WARN_UNUSED_FUNCTION = YES;
				GCC_WARN_UNUSED_VARIABLE = YES;
				IPHONEOS_DEPLOYMENT_TARGET = 11.2;
				MTL_ENABLE_DEBUG_INFO = YES;
				ONLY_ACTIVE_ARCH = YES;
				SDKROOT = iphoneos;
				SWIFT_ACTIVE_COMPILATION_CONDITIONS = DEBUG;
				SWIFT_OPTIMIZATION_LEVEL = "-Onone";
			};
			name = Debug;
		};
		235A13C520101834009AC6CF /* Release */ = {
			isa = XCBuildConfiguration;
			buildSettings = {
				ALWAYS_SEARCH_USER_PATHS = NO;
				CLANG_ANALYZER_NONNULL = YES;
				CLANG_ANALYZER_NUMBER_OBJECT_CONVERSION = YES_AGGRESSIVE;
				CLANG_CXX_LANGUAGE_STANDARD = "gnu++14";
				CLANG_CXX_LIBRARY = "libc++";
				CLANG_ENABLE_MODULES = YES;
				CLANG_ENABLE_OBJC_ARC = YES;
				CLANG_WARN_BLOCK_CAPTURE_AUTORELEASING = YES;
				CLANG_WARN_BOOL_CONVERSION = YES;
				CLANG_WARN_COMMA = YES;
				CLANG_WARN_CONSTANT_CONVERSION = YES;
				CLANG_WARN_DIRECT_OBJC_ISA_USAGE = YES_ERROR;
				CLANG_WARN_DOCUMENTATION_COMMENTS = YES;
				CLANG_WARN_EMPTY_BODY = YES;
				CLANG_WARN_ENUM_CONVERSION = YES;
				CLANG_WARN_INFINITE_RECURSION = YES;
				CLANG_WARN_INT_CONVERSION = YES;
				CLANG_WARN_NON_LITERAL_NULL_CONVERSION = YES;
				CLANG_WARN_OBJC_LITERAL_CONVERSION = YES;
				CLANG_WARN_OBJC_ROOT_CLASS = YES_ERROR;
				CLANG_WARN_RANGE_LOOP_ANALYSIS = YES;
				CLANG_WARN_STRICT_PROTOTYPES = YES;
				CLANG_WARN_SUSPICIOUS_MOVE = YES;
				CLANG_WARN_UNGUARDED_AVAILABILITY = YES_AGGRESSIVE;
				CLANG_WARN_UNREACHABLE_CODE = YES;
				CLANG_WARN__DUPLICATE_METHOD_MATCH = YES;
				CODE_SIGN_IDENTITY = "iPhone Developer";
				COPY_PHASE_STRIP = NO;
				DEBUG_INFORMATION_FORMAT = "dwarf-with-dsym";
				ENABLE_NS_ASSERTIONS = NO;
				ENABLE_STRICT_OBJC_MSGSEND = YES;
				GCC_C_LANGUAGE_STANDARD = gnu11;
				GCC_NO_COMMON_BLOCKS = YES;
				GCC_WARN_64_TO_32_BIT_CONVERSION = YES;
				GCC_WARN_ABOUT_RETURN_TYPE = YES_ERROR;
				GCC_WARN_UNDECLARED_SELECTOR = YES;
				GCC_WARN_UNINITIALIZED_AUTOS = YES_AGGRESSIVE;
				GCC_WARN_UNUSED_FUNCTION = YES;
				GCC_WARN_UNUSED_VARIABLE = YES;
				IPHONEOS_DEPLOYMENT_TARGET = 11.2;
				MTL_ENABLE_DEBUG_INFO = NO;
				SDKROOT = iphoneos;
				SWIFT_OPTIMIZATION_LEVEL = "-Owholemodule";
				VALIDATE_PRODUCT = YES;
			};
			name = Release;
		};
		235A13C720101834009AC6CF /* Debug */ = {
			isa = XCBuildConfiguration;
			buildSettings = {
				ASSETCATALOG_COMPILER_APPICON_NAME = AppIcon;
				CODE_SIGN_STYLE = Automatic;
				DEVELOPMENT_TEAM = 38RBJQ3526;
				INFOPLIST_FILE = MobileBank/Info.plist;
				IPHONEOS_DEPLOYMENT_TARGET = 11.0;
				LD_RUNPATH_SEARCH_PATHS = "$(inherited) @executable_path/Frameworks";
				PRODUCT_BUNDLE_IDENTIFIER = com.example.MobileBank;
				PRODUCT_NAME = "$(TARGET_NAME)";
				SWIFT_VERSION = 4.0;
				TARGETED_DEVICE_FAMILY = 1;
			};
			name = Debug;
		};
		235A13C820101834009AC6CF /* Release */ = {
			isa = XCBuildConfiguration;
			buildSettings = {
				ASSETCATALOG_COMPILER_APPICON_NAME = AppIcon;
				CODE_SIGN_STYLE = Automatic;
				DEVELOPMENT_TEAM = 38RBJQ3526;
				INFOPLIST_FILE = MobileBank/Info.plist;
				IPHONEOS_DEPLOYMENT_TARGET = 11.0;
				LD_RUNPATH_SEARCH_PATHS = "$(inherited) @executable_path/Frameworks";
				PRODUCT_BUNDLE_IDENTIFIER = com.example.MobileBank;
				PRODUCT_NAME = "$(TARGET_NAME)";
				SWIFT_VERSION = 4.0;
				TARGETED_DEVICE_FAMILY = 1;
			};
			name = Release;
		};
/* End XCBuildConfiguration section */

/* Begin XCConfigurationList section */
		235A13AC20101834009AC6CF /* Build configuration list for PBXProject "MobileBank" */ = {
			isa = XCConfigurationList;
			buildConfigurations = (
				235A13C420101834009AC6CF /* Debug */,
				235A13C520101834009AC6CF /* Release */,
			);
			defaultConfigurationIsVisible = 0;
			defaultConfigurationName = Release;
		};
		235A13C620101834009AC6CF /* Build configuration list for PBXNativeTarget "MobileBank" */ = {
			isa = XCConfigurationList;
			buildConfigurations = (
				235A13C720101834009AC6CF /* Debug */,
				235A13C820101834009AC6CF /* Release */,
			);
			defaultConfigurationIsVisible = 0;
			defaultConfigurationName = Release;
		};
/* End XCConfigurationList section */

/* Begin XCVersionGroup section */
		235A13BB20101834009AC6CF /* MobileBank.xcdatamodeld */ = {
			isa = XCVersionGroup;
			children = (
				235A13BC20101834009AC6CF /* MobileBank.xcdatamodel */,
			);
			currentVersion = 235A13BC20101834009AC6CF /* MobileBank.xcdatamodel */;
			path = MobileBank.xcdatamodeld;
			sourceTree = "<group>";
			versionGroupType = wrapper.xcdatamodel;
		};
/* End XCVersionGroup section */
	};
	rootObject = 235A13A920101834009AC6CF /* Project object */;
}
